
Microsoft Visual Studio Solution File, Format Version 12.00
# Visual Studio Version 17
VisualStudioVersion = 17.3.32505.426
MinimumVisualStudioVersion = 10.0.40219.1
Project("{9A19103F-16F7-4668-BE54-9A1E7A4F7556}") = "GeoMastery.Domain", "GeoMastery.Domain\GeoMastery.Domain.csproj", "{445EAC86-D893-4EEF-B8F5-12F5FCF5A36E}"
EndProject
Project("{9A19103F-16F7-4668-BE54-9A1E7A4F7556}") = "GeoMastery.BlazorWASM", "GeoMastery.BlazorWASM\GeoMastery.BlazorWASM.csproj", "{F45F8B33-7CC1-4024-9836-9D65C833552D}"
EndProject
Project("{9A19103F-16F7-4668-BE54-9A1E7A4F7556}") = "GeoMastery.CountriesAPI", "GeoMastery.CountriesAPI\GeoMastery.CountriesAPI.csproj", "{8A250352-49B3-48C8-A135-96E6BEAE2249}"
EndProject
Project("{9A19103F-16F7-4668-BE54-9A1E7A4F7556}") = "GeoMastery.Persistence", "GeoMastery.Persistence\GeoMastery.Persistence.csproj", "{720D90CD-002E-4A29-A1F1-F4E793130A7C}"
EndProject
Project("{2150E333-8FDC-42A3-9474-1A3956D46DE8}") = "Solution Items", "Solution Items", "{E23DD685-5BA9-465F-ADF7-74A58C4F2AD0}"
	ProjectSection(SolutionItems) = preProject
		.gitignore = .gitignore
	EndProjectSection
EndProject
Project("{9A19103F-16F7-4668-BE54-9A1E7A4F7556}") = "GeoMastery.CountriesAPI.Contracts", "GeoMastery.CountriesAPI.Contracts\GeoMastery.CountriesAPI.Contracts.csproj", "{D805C805-E224-4463-9B60-826510646944}"
EndProject
Global
	GlobalSection(SolutionConfigurationPlatforms) = preSolution
		Debug|Any CPU = Debug|Any CPU
		Release|Any CPU = Release|Any CPU
	EndGlobalSection
	GlobalSection(ProjectConfigurationPlatforms) = postSolution
		{445EAC86-D893-4EEF-B8F5-12F5FCF5A36E}.Debug|Any CPU.ActiveCfg = Debug|Any CPU
		{445EAC86-D893-4EEF-B8F5-12F5FCF5A36E}.Debug|Any CPU.Build.0 = Debug|Any CPU
		{445EAC86-D893-4EEF-B8F5-12F5FCF5A36E}.Release|Any CPU.ActiveCfg = Release|Any CPU
		{445EAC86-D893-4EEF-B8F5-12F5FCF5A36E}.Release|Any CPU.Build.0 = Release|Any CPU
		{F45F8B33-7CC1-4024-9836-9D65C833552D}.Debug|Any CPU.ActiveCfg = Debug|Any CPU
		{F45F8B33-7CC1-4024-9836-9D65C833552D}.Debug|Any CPU.Build.0 = Debug|Any CPU
		{F45F8B33-7CC1-4024-9836-9D65C833552D}.Release|Any CPU.ActiveCfg = Release|Any CPU
		{F45F8B33-7CC1-4024-9836-9D65C833552D}.Release|Any CPU.Build.0 = Release|Any CPU
		{8A250352-49B3-48C8-A135-96E6BEAE2249}.Debug|Any CPU.ActiveCfg = Debug|Any CPU
		{8A250352-49B3-48C8-A135-96E6BEAE2249}.Debug|Any CPU.Build.0 = Debug|Any CPU
		{8A250352-49B3-48C8-A135-96E6BEAE2249}.Release|Any CPU.ActiveCfg = Release|Any CPU
		{8A250352-49B3-48C8-A135-96E6BEAE2249}.Release|Any CPU.Build.0 = Release|Any CPU
		{720D90CD-002E-4A29-A1F1-F4E793130A7C}.Debug|Any CPU.ActiveCfg = Debug|Any CPU
		{720D90CD-002E-4A29-A1F1-F4E793130A7C}.Debug|Any CPU.Build.0 = Debug|Any CPU
		{720D90CD-002E-4A29-A1F1-F4E793130A7C}.Release|Any CPU.ActiveCfg = Release|Any CPU
		{720D90CD-002E-4A29-A1F1-F4E793130A7C}.Release|Any CPU.Build.0 = Release|Any CPU
		{D805C805-E224-4463-9B60-826510646944}.Debug|Any CPU.ActiveCfg = Debug|Any CPU
		{D805C805-E224-4463-9B60-826510646944}.Debug|Any CPU.Build.0 = Debug|Any CPU
		{D805C805-E224-4463-9B60-826510646944}.Release|Any CPU.ActiveCfg = Release|Any CPU
		{D805C805-E224-4463-9B60-826510646944}.Release|Any CPU.Build.0 = Release|Any CPU
	EndGlobalSection
	GlobalSection(SolutionProperties) = preSolution
		HideSolutionNode = FALSE
	EndGlobalSection
	GlobalSection(ExtensibilityGlobals) = postSolution
		SolutionGuid = {1358B230-EEC1-49BD-86E2-E1821D6287E3}
	EndGlobalSection
EndGlobal
